
Microsoft Visual Studio Solution File, Format Version 12.00
# Visual Studio Version 17
VisualStudioVersion = 17.9.34714.143
MinimumVisualStudioVersion = 10.0.40219.1
Project("{9A19103F-16F7-4668-BE54-9A1E7A4F7556}") = "ConsoleApp1", "ConsoleApp1\ConsoleApp1.csproj", "{682CCAA5-C07E-4736-A714-B3824A9D8CFF}"
EndProject
Project("{2150E333-8FDC-42A3-9474-1A3956D46DE8}") = "Constants", "Constants", "{BCEA9917-D0B4-402B-8425-362DA176516E}"
	ProjectSection(SolutionItems) = preProject
		GS1_Application_Identifier.cs = GS1_Application_Identifier.cs
	EndProjectSection
EndProject
Global
	GlobalSection(SolutionConfigurationPlatforms) = preSolution
		Debug|Any CPU = Debug|Any CPU
		Release|Any CPU = Release|Any CPU
	EndGlobalSection
	GlobalSection(ProjectConfigurationPlatforms) = postSolution
		{682CCAA5-C07E-4736-A714-B3824A9D8CFF}.Debug|Any CPU.ActiveCfg = Debug|Any CPU
		{682CCAA5-C07E-4736-A714-B3824A9D8CFF}.Debug|Any CPU.Build.0 = Debug|Any CPU
		{682CCAA5-C07E-4736-A714-B3824A9D8CFF}.Release|Any CPU.ActiveCfg = Release|Any CPU
		{682CCAA5-C07E-4736-A714-B3824A9D8CFF}.Release|Any CPU.Build.0 = Release|Any CPU
	EndGlobalSection
	GlobalSection(SolutionProperties) = preSolution
		HideSolutionNode = FALSE
	EndGlobalSection
	GlobalSection(ExtensibilityGlobals) = postSolution
		SolutionGuid = {792FE98E-A28C-4517-83E1-4A6098869409}
	EndGlobalSection
EndGlobal
